// !$*UTF8*$!
{
	archiveVersion = 1;
	classes = {
	};
	objectVersion = 46;
	objects = {

/* Begin PBXBuildFile section */
		D99F7F671F560D0E00017F1D /* mpei_20x20_x2.png in Resources */ = {isa = PBXBuildFile; fileRef = D99F7F661F560D0E00017F1D /* mpei_20x20_x2.png */; };
		D99F7F6A1F560E4200017F1D /* mpei_20x20_x3.png in Resources */ = {isa = PBXBuildFile; fileRef = D99F7F691F560E4200017F1D /* mpei_20x20_x3.png */; };
		D99F7F6C1F5611DB00017F1D /* mpei_logo_29x29_x2.png in Resources */ = {isa = PBXBuildFile; fileRef = D99F7F6B1F5611DB00017F1D /* mpei_logo_29x29_x2.png */; };
		D99F7F6E1F56133000017F1D /* mpei_logo_29x29_x3.png in Resources */ = {isa = PBXBuildFile; fileRef = D99F7F6D1F56133000017F1D /* mpei_logo_29x29_x3.png */; };
		D99F7F701F5616E500017F1D /* mpei_logo_40x40_x2.png in Resources */ = {isa = PBXBuildFile; fileRef = D99F7F6F1F5616E500017F1D /* mpei_logo_40x40_x2.png */; };
		D99F7F721F56175A00017F1D /* mpei_logo_40x40_x3.png in Resources */ = {isa = PBXBuildFile; fileRef = D99F7F711F56175A00017F1D /* mpei_logo_40x40_x3.png */; };
		D99F7F741F56181C00017F1D /* mpei_logo_60x60_x3.png in Resources */ = {isa = PBXBuildFile; fileRef = D99F7F731F56181C00017F1D /* mpei_logo_60x60_x3.png */; };
		D99F7F761F56185600017F1D /* mpei_logo_20x20_x1.png in Resources */ = {isa = PBXBuildFile; fileRef = D99F7F751F56185600017F1D /* mpei_logo_20x20_x1.png */; };
		D99F7F781F56188700017F1D /* mpei_logo_29x29_x1.png in Resources */ = {isa = PBXBuildFile; fileRef = D99F7F771F56188700017F1D /* mpei_logo_29x29_x1.png */; };
		D99F7F7A1F56194A00017F1D /* mpei_logo_40x40_x1.png in Resources */ = {isa = PBXBuildFile; fileRef = D99F7F791F56194A00017F1D /* mpei_logo_40x40_x1.png */; };
		D9B0756E1F54A26600558772 /* main.m in Sources */ = {isa = PBXBuildFile; fileRef = D9B0756D1F54A26600558772 /* main.m */; };
		D9B075711F54A26600558772 /* AppDelegate.m in Sources */ = {isa = PBXBuildFile; fileRef = D9B075701F54A26600558772 /* AppDelegate.m */; };
		D9B075741F54A26600558772 /* ViewController.m in Sources */ = {isa = PBXBuildFile; fileRef = D9B075731F54A26600558772 /* ViewController.m */; };
		D9B075771F54A26600558772 /* Main.storyboard in Resources */ = {isa = PBXBuildFile; fileRef = D9B075751F54A26600558772 /* Main.storyboard */; };
		D9B075791F54A26600558772 /* Assets.xcassets in Resources */ = {isa = PBXBuildFile; fileRef = D9B075781F54A26600558772 /* Assets.xcassets */; };
		D9B0757C1F54A26600558772 /* LaunchScreen.storyboard in Resources */ = {isa = PBXBuildFile; fileRef = D9B0757A1F54A26600558772 /* LaunchScreen.storyboard */; };
		D9B075871F54A26700558772 /* MPEITimeTableTests.m in Sources */ = {isa = PBXBuildFile; fileRef = D9B075861F54A26700558772 /* MPEITimeTableTests.m */; };
		D9B075921F54A26700558772 /* MPEITimeTableUITests.m in Sources */ = {isa = PBXBuildFile; fileRef = D9B075911F54A26700558772 /* MPEITimeTableUITests.m */; };
		D9B075A11F54A74300558772 /* GroupDatabase.m in Sources */ = {isa = PBXBuildFile; fileRef = D9B075A01F54A74300558772 /* GroupDatabase.m */; };
/* End PBXBuildFile section */

/* Begin PBXContainerItemProxy section */
		D9B075831F54A26700558772 /* PBXContainerItemProxy */ = {
			isa = PBXContainerItemProxy;
			containerPortal = D9B075611F54A26600558772 /* Project object */;
			proxyType = 1;
			remoteGlobalIDString = D9B075681F54A26600558772;
			remoteInfo = MPEITimeTable;
		};
		D9B0758E1F54A26700558772 /* PBXContainerItemProxy */ = {
			isa = PBXContainerItemProxy;
			containerPortal = D9B075611F54A26600558772 /* Project object */;
			proxyType = 1;
			remoteGlobalIDString = D9B075681F54A26600558772;
			remoteInfo = MPEITimeTable;
		};
/* End PBXContainerItemProxy section */

/* Begin PBXFileReference section */
		D99F7F661F560D0E00017F1D /* mpei_20x20_x2.png */ = {isa = PBXFileReference; lastKnownFileType = image.png; path = mpei_20x20_x2.png; sourceTree = "<group>"; };
		D99F7F691F560E4200017F1D /* mpei_20x20_x3.png */ = {isa = PBXFileReference; lastKnownFileType = image.png; path = mpei_20x20_x3.png; sourceTree = "<group>"; };
		D99F7F6B1F5611DB00017F1D /* mpei_logo_29x29_x2.png */ = {isa = PBXFileReference; lastKnownFileType = image.png; path = mpei_logo_29x29_x2.png; sourceTree = "<group>"; };
		D99F7F6D1F56133000017F1D /* mpei_logo_29x29_x3.png */ = {isa = PBXFileReference; lastKnownFileType = image.png; path = mpei_logo_29x29_x3.png; sourceTree = "<group>"; };
		D99F7F6F1F5616E500017F1D /* mpei_logo_40x40_x2.png */ = {isa = PBXFileReference; lastKnownFileType = image.png; path = mpei_logo_40x40_x2.png; sourceTree = "<group>"; };
		D99F7F711F56175A00017F1D /* mpei_logo_40x40_x3.png */ = {isa = PBXFileReference; lastKnownFileType = image.png; path = mpei_logo_40x40_x3.png; sourceTree = "<group>"; };
		D99F7F731F56181C00017F1D /* mpei_logo_60x60_x3.png */ = {isa = PBXFileReference; lastKnownFileType = image.png; path = mpei_logo_60x60_x3.png; sourceTree = "<group>"; };
		D99F7F751F56185600017F1D /* mpei_logo_20x20_x1.png */ = {isa = PBXFileReference; lastKnownFileType = image.png; path = mpei_logo_20x20_x1.png; sourceTree = "<group>"; };
		D99F7F771F56188700017F1D /* mpei_logo_29x29_x1.png */ = {isa = PBXFileReference; lastKnownFileType = image.png; path = mpei_logo_29x29_x1.png; sourceTree = "<group>"; };
		D99F7F791F56194A00017F1D /* mpei_logo_40x40_x1.png */ = {isa = PBXFileReference; lastKnownFileType = image.png; path = mpei_logo_40x40_x1.png; sourceTree = "<group>"; };
		D9B075691F54A26600558772 /* MPEITimeTable.app */ = {isa = PBXFileReference; explicitFileType = wrapper.application; includeInIndex = 0; path = MPEITimeTable.app; sourceTree = BUILT_PRODUCTS_DIR; };
		D9B0756D1F54A26600558772 /* main.m */ = {isa = PBXFileReference; lastKnownFileType = sourcecode.c.objc; path = main.m; sourceTree = "<group>"; };
		D9B0756F1F54A26600558772 /* AppDelegate.h */ = {isa = PBXFileReference; lastKnownFileType = sourcecode.c.h; path = AppDelegate.h; sourceTree = "<group>"; };
		D9B075701F54A26600558772 /* AppDelegate.m */ = {isa = PBXFileReference; lastKnownFileType = sourcecode.c.objc; path = AppDelegate.m; sourceTree = "<group>"; };
		D9B075721F54A26600558772 /* ViewController.h */ = {isa = PBXFileReference; lastKnownFileType = sourcecode.c.h; path = ViewController.h; sourceTree = "<group>"; };
		D9B075731F54A26600558772 /* ViewController.m */ = {isa = PBXFileReference; lastKnownFileType = sourcecode.c.objc; path = ViewController.m; sourceTree = "<group>"; };
		D9B075761F54A26600558772 /* Base */ = {isa = PBXFileReference; lastKnownFileType = file.storyboard; name = Base; path = Base.lproj/Main.storyboard; sourceTree = "<group>"; };
		D9B075781F54A26600558772 /* Assets.xcassets */ = {isa = PBXFileReference; lastKnownFileType = folder.assetcatalog; path = Assets.xcassets; sourceTree = "<group>"; };
		D9B0757B1F54A26600558772 /* Base */ = {isa = PBXFileReference; lastKnownFileType = file.storyboard; name = Base; path = Base.lproj/LaunchScreen.storyboard; sourceTree = "<group>"; };
		D9B0757D1F54A26600558772 /* Info.plist */ = {isa = PBXFileReference; lastKnownFileType = text.plist.xml; path = Info.plist; sourceTree = "<group>"; };
		D9B075821F54A26700558772 /* MPEITimeTableTests.xctest */ = {isa = PBXFileReference; explicitFileType = wrapper.cfbundle; includeInIndex = 0; path = MPEITimeTableTests.xctest; sourceTree = BUILT_PRODUCTS_DIR; };
		D9B075861F54A26700558772 /* MPEITimeTableTests.m */ = {isa = PBXFileReference; lastKnownFileType = sourcecode.c.objc; path = MPEITimeTableTests.m; sourceTree = "<group>"; };
		D9B075881F54A26700558772 /* Info.plist */ = {isa = PBXFileReference; lastKnownFileType = text.plist.xml; path = Info.plist; sourceTree = "<group>"; };
		D9B0758D1F54A26700558772 /* MPEITimeTableUITests.xctest */ = {isa = PBXFileReference; explicitFileType = wrapper.cfbundle; includeInIndex = 0; path = MPEITimeTableUITests.xctest; sourceTree = BUILT_PRODUCTS_DIR; };
		D9B075911F54A26700558772 /* MPEITimeTableUITests.m */ = {isa = PBXFileReference; lastKnownFileType = sourcecode.c.objc; path = MPEITimeTableUITests.m; sourceTree = "<group>"; };
		D9B075931F54A26700558772 /* Info.plist */ = {isa = PBXFileReference; lastKnownFileType = text.plist.xml; path = Info.plist; sourceTree = "<group>"; };
		D9B0759F1F54A74300558772 /* GroupDatabase.h */ = {isa = PBXFileReference; fileEncoding = 4; lastKnownFileType = sourcecode.c.h; path = GroupDatabase.h; sourceTree = "<group>"; };
		D9B075A01F54A74300558772 /* GroupDatabase.m */ = {isa = PBXFileReference; fileEncoding = 4; lastKnownFileType = sourcecode.c.objc; path = GroupDatabase.m; sourceTree = "<group>"; };
/* End PBXFileReference section */

/* Begin PBXFrameworksBuildPhase section */
		D9B075661F54A26600558772 /* Frameworks */ = {
			isa = PBXFrameworksBuildPhase;
			buildActionMask = 2147483647;
			files = (
			);
			runOnlyForDeploymentPostprocessing = 0;
		};
		D9B0757F1F54A26700558772 /* Frameworks */ = {
			isa = PBXFrameworksBuildPhase;
			buildActionMask = 2147483647;
			files = (
			);
			runOnlyForDeploymentPostprocessing = 0;
		};
		D9B0758A1F54A26700558772 /* Frameworks */ = {
			isa = PBXFrameworksBuildPhase;
			buildActionMask = 2147483647;
			files = (
			);
			runOnlyForDeploymentPostprocessing = 0;
		};
/* End PBXFrameworksBuildPhase section */

/* Begin PBXGroup section */
		D99F7F681F560D1600017F1D /* logo */ = {
			isa = PBXGroup;
			children = (
				D99F7F751F56185600017F1D /* mpei_logo_20x20_x1.png */,
				D99F7F661F560D0E00017F1D /* mpei_20x20_x2.png */,
				D99F7F691F560E4200017F1D /* mpei_20x20_x3.png */,
				D99F7F771F56188700017F1D /* mpei_logo_29x29_x1.png */,
				D99F7F6B1F5611DB00017F1D /* mpei_logo_29x29_x2.png */,
				D99F7F6D1F56133000017F1D /* mpei_logo_29x29_x3.png */,
				D99F7F791F56194A00017F1D /* mpei_logo_40x40_x1.png */,
				D99F7F6F1F5616E500017F1D /* mpei_logo_40x40_x2.png */,
				D99F7F711F56175A00017F1D /* mpei_logo_40x40_x3.png */,
				D99F7F731F56181C00017F1D /* mpei_logo_60x60_x3.png */,
			);
			name = logo;
			sourceTree = "<group>";
		};
		D9B075601F54A26600558772 = {
			isa = PBXGroup;
			children = (
				D9B0756B1F54A26600558772 /* MPEITimeTable */,
				D9B075851F54A26700558772 /* MPEITimeTableTests */,
				D9B075901F54A26700558772 /* MPEITimeTableUITests */,
				D9B0756A1F54A26600558772 /* Products */,
			);
			sourceTree = "<group>";
		};
		D9B0756A1F54A26600558772 /* Products */ = {
			isa = PBXGroup;
			children = (
				D9B075691F54A26600558772 /* MPEITimeTable.app */,
				D9B075821F54A26700558772 /* MPEITimeTableTests.xctest */,
				D9B0758D1F54A26700558772 /* MPEITimeTableUITests.xctest */,
			);
			name = Products;
			sourceTree = "<group>";
		};
		D9B0756B1F54A26600558772 /* MPEITimeTable */ = {
			isa = PBXGroup;
			children = (
				D99F7F681F560D1600017F1D /* logo */,
				D9B0756F1F54A26600558772 /* AppDelegate.h */,
				D9B075701F54A26600558772 /* AppDelegate.m */,
				D9B075721F54A26600558772 /* ViewController.h */,
				D9B075731F54A26600558772 /* ViewController.m */,
				D9B0759F1F54A74300558772 /* GroupDatabase.h */,
				D9B075A01F54A74300558772 /* GroupDatabase.m */,
				D9B075751F54A26600558772 /* Main.storyboard */,
				D9B075781F54A26600558772 /* Assets.xcassets */,
				D9B0757A1F54A26600558772 /* LaunchScreen.storyboard */,
				D9B0757D1F54A26600558772 /* Info.plist */,
				D9B0756C1F54A26600558772 /* Supporting Files */,
			);
			path = MPEITimeTable;
			sourceTree = "<group>";
		};
		D9B0756C1F54A26600558772 /* Supporting Files */ = {
			isa = PBXGroup;
			children = (
				D9B0756D1F54A26600558772 /* main.m */,
			);
			name = "Supporting Files";
			sourceTree = "<group>";
		};
		D9B075851F54A26700558772 /* MPEITimeTableTests */ = {
			isa = PBXGroup;
			children = (
				D9B075861F54A26700558772 /* MPEITimeTableTests.m */,
				D9B075881F54A26700558772 /* Info.plist */,
			);
			path = MPEITimeTableTests;
			sourceTree = "<group>";
		};
		D9B075901F54A26700558772 /* MPEITimeTableUITests */ = {
			isa = PBXGroup;
			children = (
				D9B075911F54A26700558772 /* MPEITimeTableUITests.m */,
				D9B075931F54A26700558772 /* Info.plist */,
			);
			path = MPEITimeTableUITests;
			sourceTree = "<group>";
		};
/* End PBXGroup section */

/* Begin PBXNativeTarget section */
		D9B075681F54A26600558772 /* MPEITimeTable */ = {
			isa = PBXNativeTarget;
			buildConfigurationList = D9B075961F54A26700558772 /* Build configuration list for PBXNativeTarget "MPEITimeTable" */;
			buildPhases = (
				D9B075651F54A26600558772 /* Sources */,
				D9B075661F54A26600558772 /* Frameworks */,
				D9B075671F54A26600558772 /* Resources */,
			);
			buildRules = (
			);
			dependencies = (
			);
			name = MPEITimeTable;
			productName = MPEITimeTable;
			productReference = D9B075691F54A26600558772 /* MPEITimeTable.app */;
			productType = "com.apple.product-type.application";
		};
		D9B075811F54A26700558772 /* MPEITimeTableTests */ = {
			isa = PBXNativeTarget;
			buildConfigurationList = D9B075991F54A26700558772 /* Build configuration list for PBXNativeTarget "MPEITimeTableTests" */;
			buildPhases = (
				D9B0757E1F54A26700558772 /* Sources */,
				D9B0757F1F54A26700558772 /* Frameworks */,
				D9B075801F54A26700558772 /* Resources */,
			);
			buildRules = (
			);
			dependencies = (
				D9B075841F54A26700558772 /* PBXTargetDependency */,
			);
			name = MPEITimeTableTests;
			productName = MPEITimeTableTests;
			productReference = D9B075821F54A26700558772 /* MPEITimeTableTests.xctest */;
			productType = "com.apple.product-type.bundle.unit-test";
		};
		D9B0758C1F54A26700558772 /* MPEITimeTableUITests */ = {
			isa = PBXNativeTarget;
			buildConfigurationList = D9B0759C1F54A26700558772 /* Build configuration list for PBXNativeTarget "MPEITimeTableUITests" */;
			buildPhases = (
				D9B075891F54A26700558772 /* Sources */,
				D9B0758A1F54A26700558772 /* Frameworks */,
				D9B0758B1F54A26700558772 /* Resources */,
			);
			buildRules = (
			);
			dependencies = (
				D9B0758F1F54A26700558772 /* PBXTargetDependency */,
			);
			name = MPEITimeTableUITests;
			productName = MPEITimeTableUITests;
			productReference = D9B0758D1F54A26700558772 /* MPEITimeTableUITests.xctest */;
			productType = "com.apple.product-type.bundle.ui-testing";
		};
/* End PBXNativeTarget section */

/* Begin PBXProject section */
		D9B075611F54A26600558772 /* Project object */ = {
			isa = PBXProject;
			attributes = {
				LastUpgradeCheck = 0830;
				ORGANIZATIONNAME = "Popoff Developer Studio";
				TargetAttributes = {
					D9B075681F54A26600558772 = {
						CreatedOnToolsVersion = 8.3;
						DevelopmentTeam = 6953MAU8K8;
						ProvisioningStyle = Automatic;
					};
					D9B075811F54A26700558772 = {
						CreatedOnToolsVersion = 8.3;
						DevelopmentTeam = 6953MAU8K8;
						ProvisioningStyle = Automatic;
						TestTargetID = D9B075681F54A26600558772;
					};
					D9B0758C1F54A26700558772 = {
						CreatedOnToolsVersion = 8.3;
						DevelopmentTeam = 6953MAU8K8;
						ProvisioningStyle = Automatic;
						TestTargetID = D9B075681F54A26600558772;
					};
				};
			};
			buildConfigurationList = D9B075641F54A26600558772 /* Build configuration list for PBXProject "MPEITimeTable" */;
			compatibilityVersion = "Xcode 3.2";
			developmentRegion = English;
			hasScannedForEncodings = 0;
			knownRegions = (
				en,
				Base,
			);
			mainGroup = D9B075601F54A26600558772;
			productRefGroup = D9B0756A1F54A26600558772 /* Products */;
			projectDirPath = "";
			projectRoot = "";
			targets = (
				D9B075681F54A26600558772 /* MPEITimeTable */,
				D9B075811F54A26700558772 /* MPEITimeTableTests */,
				D9B0758C1F54A26700558772 /* MPEITimeTableUITests */,
			);
		};
/* End PBXProject section */

/* Begin PBXResourcesBuildPhase section */
		D9B075671F54A26600558772 /* Resources */ = {
			isa = PBXResourcesBuildPhase;
			buildActionMask = 2147483647;
			files = (
				D99F7F6C1F5611DB00017F1D /* mpei_logo_29x29_x2.png in Resources */,
				D99F7F781F56188700017F1D /* mpei_logo_29x29_x1.png in Resources */,
				D99F7F761F56185600017F1D /* mpei_logo_20x20_x1.png in Resources */,
				D99F7F741F56181C00017F1D /* mpei_logo_60x60_x3.png in Resources */,
				D9B0757C1F54A26600558772 /* LaunchScreen.storyboard in Resources */,
				D99F7F7A1F56194A00017F1D /* mpei_logo_40x40_x1.png in Resources */,
				D99F7F6E1F56133000017F1D /* mpei_logo_29x29_x3.png in Resources */,
				D99F7F6A1F560E4200017F1D /* mpei_20x20_x3.png in Resources */,
				D99F7F701F5616E500017F1D /* mpei_logo_40x40_x2.png in Resources */,
				D9B075791F54A26600558772 /* Assets.xcassets in Resources */,
				D9B075771F54A26600558772 /* Main.storyboard in Resources */,
				D99F7F721F56175A00017F1D /* mpei_logo_40x40_x3.png in Resources */,
				D99F7F671F560D0E00017F1D /* mpei_20x20_x2.png in Resources */,
			);
			runOnlyForDeploymentPostprocessing = 0;
		};
		D9B075801F54A26700558772 /* Resources */ = {
			isa = PBXResourcesBuildPhase;
			buildActionMask = 2147483647;
			files = (
			);
			runOnlyForDeploymentPostprocessing = 0;
		};
		D9B0758B1F54A26700558772 /* Resources */ = {
			isa = PBXResourcesBuildPhase;
			buildActionMask = 2147483647;
			files = (
			);
			runOnlyForDeploymentPostprocessing = 0;
		};
/* End PBXResourcesBuildPhase section */

/* Begin PBXSourcesBuildPhase section */
		D9B075651F54A26600558772 /* Sources */ = {
			isa = PBXSourcesBuildPhase;
			buildActionMask = 2147483647;
			files = (
				D9B075A11F54A74300558772 /* GroupDatabase.m in Sources */,
				D9B075741F54A26600558772 /* ViewController.m in Sources */,
				D9B075711F54A26600558772 /* AppDelegate.m in Sources */,
				D9B0756E1F54A26600558772 /* main.m in Sources */,
			);
			runOnlyForDeploymentPostprocessing = 0;
		};
		D9B0757E1F54A26700558772 /* Sources */ = {
			isa = PBXSourcesBuildPhase;
			buildActionMask = 2147483647;
			files = (
				D9B075871F54A26700558772 /* MPEITimeTableTests.m in Sources */,
			);
			runOnlyForDeploymentPostprocessing = 0;
		};
		D9B075891F54A26700558772 /* Sources */ = {
			isa = PBXSourcesBuildPhase;
			buildActionMask = 2147483647;
			files = (
				D9B075921F54A26700558772 /* MPEITimeTableUITests.m in Sources */,
			);
			runOnlyForDeploymentPostprocessing = 0;
		};
/* End PBXSourcesBuildPhase section */

/* Begin PBXTargetDependency section */
		D9B075841F54A26700558772 /* PBXTargetDependency */ = {
			isa = PBXTargetDependency;
			target = D9B075681F54A26600558772 /* MPEITimeTable */;
			targetProxy = D9B075831F54A26700558772 /* PBXContainerItemProxy */;
		};
		D9B0758F1F54A26700558772 /* PBXTargetDependency */ = {
			isa = PBXTargetDependency;
			target = D9B075681F54A26600558772 /* MPEITimeTable */;
			targetProxy = D9B0758E1F54A26700558772 /* PBXContainerItemProxy */;
		};
/* End PBXTargetDependency section */

/* Begin PBXVariantGroup section */
		D9B075751F54A26600558772 /* Main.storyboard */ = {
			isa = PBXVariantGroup;
			children = (
				D9B075761F54A26600558772 /* Base */,
			);
			name = Main.storyboard;
			sourceTree = "<group>";
		};
		D9B0757A1F54A26600558772 /* LaunchScreen.storyboard */ = {
			isa = PBXVariantGroup;
			children = (
				D9B0757B1F54A26600558772 /* Base */,
			);
			name = LaunchScreen.storyboard;
			sourceTree = "<group>";
		};
/* End PBXVariantGroup section */

/* Begin XCBuildConfiguration section */
		D9B075941F54A26700558772 /* Debug */ = {
			isa = XCBuildConfiguration;
			buildSettings = {
				ALWAYS_SEARCH_USER_PATHS = NO;
				CLANG_ANALYZER_NONNULL = YES;
				CLANG_ANALYZER_NUMBER_OBJECT_CONVERSION = YES_AGGRESSIVE;
				CLANG_CXX_LANGUAGE_STANDARD = "gnu++0x";
				CLANG_CXX_LIBRARY = "libc++";
				CLANG_ENABLE_MODULES = YES;
				CLANG_ENABLE_OBJC_ARC = YES;
				CLANG_WARN_BOOL_CONVERSION = YES;
				CLANG_WARN_CONSTANT_CONVERSION = YES;
				CLANG_WARN_DIRECT_OBJC_ISA_USAGE = YES_ERROR;
				CLANG_WARN_DOCUMENTATION_COMMENTS = YES;
				CLANG_WARN_EMPTY_BODY = YES;
				CLANG_WARN_ENUM_CONVERSION = YES;
				CLANG_WARN_INFINITE_RECURSION = YES;
				CLANG_WARN_INT_CONVERSION = YES;
				CLANG_WARN_OBJC_ROOT_CLASS = YES_ERROR;
				CLANG_WARN_SUSPICIOUS_MOVE = YES;
				CLANG_WARN_UNREACHABLE_CODE = YES;
				CLANG_WARN__DUPLICATE_METHOD_MATCH = YES;
				"CODE_SIGN_IDENTITY[sdk=iphoneos*]" = "iPhone Developer";
				COPY_PHASE_STRIP = NO;
				DEBUG_INFORMATION_FORMAT = dwarf;
				ENABLE_STRICT_OBJC_MSGSEND = YES;
				ENABLE_TESTABILITY = YES;
				GCC_C_LANGUAGE_STANDARD = gnu99;
				GCC_DYNAMIC_NO_PIC = NO;
				GCC_NO_COMMON_BLOCKS = YES;
				GCC_OPTIMIZATION_LEVEL = 0;
				GCC_PREPROCESSOR_DEFINITIONS = (
					"DEBUG=1",
					"$(inherited)",
				);
				GCC_WARN_64_TO_32_BIT_CONVERSION = YES;
				GCC_WARN_ABOUT_RETURN_TYPE = YES_ERROR;
				GCC_WARN_UNDECLARED_SELECTOR = YES;
				GCC_WARN_UNINITIALIZED_AUTOS = YES_AGGRESSIVE;
				GCC_WARN_UNUSED_FUNCTION = YES;
				GCC_WARN_UNUSED_VARIABLE = YES;
				IPHONEOS_DEPLOYMENT_TARGET = 10.3;
				MTL_ENABLE_DEBUG_INFO = YES;
				ONLY_ACTIVE_ARCH = YES;
				SDKROOT = iphoneos;
				TARGETED_DEVICE_FAMILY = "1,2";
			};
			name = Debug;
		};
		D9B075951F54A26700558772 /* Release */ = {
			isa = XCBuildConfiguration;
			buildSettings = {
				ALWAYS_SEARCH_USER_PATHS = NO;
				CLANG_ANALYZER_NONNULL = YES;
				CLANG_ANALYZER_NUMBER_OBJECT_CONVERSION = YES_AGGRESSIVE;
				CLANG_CXX_LANGUAGE_STANDARD = "gnu++0x";
				CLANG_CXX_LIBRARY = "libc++";
				CLANG_ENABLE_MODULES = YES;
				CLANG_ENABLE_OBJC_ARC = YES;
				CLANG_WARN_BOOL_CONVERSION = YES;
				CLANG_WARN_CONSTANT_CONVERSION = YES;
				CLANG_WARN_DIRECT_OBJC_ISA_USAGE = YES_ERROR;
				CLANG_WARN_DOCUMENTATION_COMMENTS = YES;
				CLANG_WARN_EMPTY_BODY = YES;
				CLANG_WARN_ENUM_CONVERSION = YES;
				CLANG_WARN_INFINITE_RECURSION = YES;
				CLANG_WARN_INT_CONVERSION = YES;
				CLANG_WARN_OBJC_ROOT_CLASS = YES_ERROR;
				CLANG_WARN_SUSPICIOUS_MOVE = YES;
				CLANG_WARN_UNREACHABLE_CODE = YES;
				CLANG_WARN__DUPLICATE_METHOD_MATCH = YES;
				"CODE_SIGN_IDENTITY[sdk=iphoneos*]" = "iPhone Developer";
				COPY_PHASE_STRIP = NO;
				DEBUG_INFORMATION_FORMAT = "dwarf-with-dsym";
				ENABLE_NS_ASSERTIONS = NO;
				ENABLE_STRICT_OBJC_MSGSEND = YES;
				GCC_C_LANGUAGE_STANDARD = gnu99;
				GCC_NO_COMMON_BLOCKS = YES;
				GCC_WARN_64_TO_32_BIT_CONVERSION = YES;
				GCC_WARN_ABOUT_RETURN_TYPE = YES_ERROR;
				GCC_WARN_UNDECLARED_SELECTOR = YES;
				GCC_WARN_UNINITIALIZED_AUTOS = YES_AGGRESSIVE;
				GCC_WARN_UNUSED_FUNCTION = YES;
				GCC_WARN_UNUSED_VARIABLE = YES;
				IPHONEOS_DEPLOYMENT_TARGET = 10.3;
				MTL_ENABLE_DEBUG_INFO = NO;
				SDKROOT = iphoneos;
				TARGETED_DEVICE_FAMILY = "1,2";
				VALIDATE_PRODUCT = YES;
			};
			name = Release;
		};
		D9B075971F54A26700558772 /* Debug */ = {
			isa = XCBuildConfiguration;
			buildSettings = {
				ASSETCATALOG_COMPILER_APPICON_NAME = AppIcon;
				DEVELOPMENT_TEAM = 6953MAU8K8;
				INFOPLIST_FILE = MPEITimeTable/Info.plist;
				IPHONEOS_DEPLOYMENT_TARGET = 9.0;
				LD_RUNPATH_SEARCH_PATHS = "$(inherited) @executable_path/Frameworks";
				PRODUCT_BUNDLE_IDENTIFIER = "com.popoff-dev.MPEITimeTable";
				PRODUCT_NAME = "$(TARGET_NAME)";
				TARGETED_DEVICE_FAMILY = "1,2";
			};
			name = Debug;
		};
		D9B075981F54A26700558772 /* Release */ = {
			isa = XCBuildConfiguration;
			buildSettings = {
				ASSETCATALOG_COMPILER_APPICON_NAME = AppIcon;
				DEVELOPMENT_TEAM = 6953MAU8K8;
				INFOPLIST_FILE = MPEITimeTable/Info.plist;
				IPHONEOS_DEPLOYMENT_TARGET = 9.0;
				LD_RUNPATH_SEARCH_PATHS = "$(inherited) @executable_path/Frameworks";
				PRODUCT_BUNDLE_IDENTIFIER = "com.popoff-dev.MPEITimeTable";
				PRODUCT_NAME = "$(TARGET_NAME)";
				TARGETED_DEVICE_FAMILY = "1,2";
			};
			name = Release;
		};
		D9B0759A1F54A26700558772 /* Debug */ = {
			isa = XCBuildConfiguration;
			buildSettings = {
				BUNDLE_LOADER = "$(TEST_HOST)";
				DEVELOPMENT_TEAM = 6953MAU8K8;
				INFOPLIST_FILE = MPEITimeTableTests/Info.plist;
				LD_RUNPATH_SEARCH_PATHS = "$(inherited) @executable_path/Frameworks @loader_path/Frameworks";
				PRODUCT_BUNDLE_IDENTIFIER = "com.popoff-dev.MPEITimeTableTests";
				PRODUCT_NAME = "$(TARGET_NAME)";
				TEST_HOST = "$(BUILT_PRODUCTS_DIR)/MPEITimeTable.app/MPEITimeTable";
			};
			name = Debug;
		};
		D9B0759B1F54A26700558772 /* Release */ = {
			isa = XCBuildConfiguration;
			buildSettings = {
				BUNDLE_LOADER = "$(TEST_HOST)";
				DEVELOPMENT_TEAM = 6953MAU8K8;
				INFOPLIST_FILE = MPEITimeTableTests/Info.plist;
				LD_RUNPATH_SEARCH_PATHS = "$(inherited) @executable_path/Frameworks @loader_path/Frameworks";
				PRODUCT_BUNDLE_IDENTIFIER = "com.popoff-dev.MPEITimeTableTests";
				PRODUCT_NAME = "$(TARGET_NAME)";
				TEST_HOST = "$(BUILT_PRODUCTS_DIR)/MPEITimeTable.app/MPEITimeTable";
			};
			name = Release;
		};
		D9B0759D1F54A26700558772 /* Debug */ = {
			isa = XCBuildConfiguration;
			buildSettings = {
				DEVELOPMENT_TEAM = 6953MAU8K8;
				INFOPLIST_FILE = MPEITimeTableUITests/Info.plist;
				LD_RUNPATH_SEARCH_PATHS = "$(inherited) @executable_path/Frameworks @loader_path/Frameworks";
				PRODUCT_BUNDLE_IDENTIFIER = "com.popoff-dev.MPEITimeTableUITests";
				PRODUCT_NAME = "$(TARGET_NAME)";
				TEST_TARGET_NAME = MPEITimeTable;
			};
			name = Debug;
		};
		D9B0759E1F54A26700558772 /* Release */ = {
			isa = XCBuildConfiguration;
			buildSettings = {
				DEVELOPMENT_TEAM = 6953MAU8K8;
				INFOPLIST_FILE = MPEITimeTableUITests/Info.plist;
				LD_RUNPATH_SEARCH_PATHS = "$(inherited) @executable_path/Frameworks @loader_path/Frameworks";
				PRODUCT_BUNDLE_IDENTIFIER = "com.popoff-dev.MPEITimeTableUITests";
				PRODUCT_NAME = "$(TARGET_NAME)";
				TEST_TARGET_NAME = MPEITimeTable;
			};
			name = Release;
		};
/* End XCBuildConfiguration section */

/* Begin XCConfigurationList section */
		D9B075641F54A26600558772 /* Build configuration list for PBXProject "MPEITimeTable" */ = {
			isa = XCConfigurationList;
			buildConfigurations = (
				D9B075941F54A26700558772 /* Debug */,
				D9B075951F54A26700558772 /* Release */,
			);
			defaultConfigurationIsVisible = 0;
			defaultConfigurationName = Release;
		};
		D9B075961F54A26700558772 /* Build configuration list for PBXNativeTarget "MPEITimeTable" */ = {
			isa = XCConfigurationList;
			buildConfigurations = (
				D9B075971F54A26700558772 /* Debug */,
				D9B075981F54A26700558772 /* Release */,
			);
			defaultConfigurationIsVisible = 0;
			defaultConfigurationName = Release;
		};
		D9B075991F54A26700558772 /* Build configuration list for PBXNativeTarget "MPEITimeTableTests" */ = {
			isa = XCConfigurationList;
			buildConfigurations = (
				D9B0759A1F54A26700558772 /* Debug */,
				D9B0759B1F54A26700558772 /* Release */,
			);
			defaultConfigurationIsVisible = 0;
			defaultConfigurationName = Release;
		};
		D9B0759C1F54A26700558772 /* Build configuration list for PBXNativeTarget "MPEITimeTableUITests" */ = {
			isa = XCConfigurationList;
			buildConfigurations = (
				D9B0759D1F54A26700558772 /* Debug */,
				D9B0759E1F54A26700558772 /* Release */,
			);
			defaultConfigurationIsVisible = 0;
			defaultConfigurationName = Release;
		};
/* End XCConfigurationList section */
	};
	rootObject = D9B075611F54A26600558772 /* Project object */;
}
